
Microsoft Visual Studio Solution File, Format Version 12.00
# Visual Studio Version 17
VisualStudioVersion = 17.0.31903.59
MinimumVisualStudioVersion = 10.0.40219.1
Project("{966A651D-EBD0-41EC-B3EC-501807DD7DC7}") = "DevOpsIngestion.Chat.AppHost", "DevOpsIngestion.Chat.AppHost\DevOpsIngestion.Chat.AppHost.csproj", "{76D01EF9-71C9-406F-A3CB-311A6F1E67CA}"
EndProject
Project("{966A651D-EBD0-41EC-B3EC-501807DD7DC7}") = "DevOpsIngestion.Chat.ServiceDefaults", "DevOpsIngestion.Chat.ServiceDefaults\DevOpsIngestion.Chat.ServiceDefaults.csproj", "{E8ED1879-89DA-42B7-8532-4501CFC29013}"
EndProject
Project("{966A651D-EBD0-41EC-B3EC-501807DD7DC7}") = "DevOpsIngestion.Chat.Web", "DevOpsIngestion.Chat.Web\DevOpsIngestion.Chat.Web.csproj", "{00B8AD12-C8BC-4610-BBD7-B67BE681BE42}"
EndProject
Global
	GlobalSection(SolutionConfigurationPlatforms) = preSolution
		Debug|Any CPU = Debug|Any CPU
		Release|Any CPU = Release|Any CPU
	EndGlobalSection
	GlobalSection(SolutionProperties) = preSolution
		HideSolutionNode = FALSE
	EndGlobalSection
	GlobalSection(ProjectConfigurationPlatforms) = postSolution
		{76D01EF9-71C9-406F-A3CB-311A6F1E67CA}.Debug|Any CPU.ActiveCfg = Debug|Any CPU
		{76D01EF9-71C9-406F-A3CB-311A6F1E67CA}.Debug|Any CPU.Build.0 = Debug|Any CPU
		{76D01EF9-71C9-406F-A3CB-311A6F1E67CA}.Release|Any CPU.ActiveCfg = Release|Any CPU
		{76D01EF9-71C9-406F-A3CB-311A6F1E67CA}.Release|Any CPU.Build.0 = Release|Any CPU
		{E8ED1879-89DA-42B7-8532-4501CFC29013}.Debug|Any CPU.ActiveCfg = Debug|Any CPU
		{E8ED1879-89DA-42B7-8532-4501CFC29013}.Debug|Any CPU.Build.0 = Debug|Any CPU
		{E8ED1879-89DA-42B7-8532-4501CFC29013}.Release|Any CPU.ActiveCfg = Release|Any CPU
		{E8ED1879-89DA-42B7-8532-4501CFC29013}.Release|Any CPU.Build.0 = Release|Any CPU
		{00B8AD12-C8BC-4610-BBD7-B67BE681BE42}.Debug|Any CPU.ActiveCfg = Debug|Any CPU
		{00B8AD12-C8BC-4610-BBD7-B67BE681BE42}.Debug|Any CPU.Build.0 = Debug|Any CPU
		{00B8AD12-C8BC-4610-BBD7-B67BE681BE42}.Release|Any CPU.ActiveCfg = Release|Any CPU
		{00B8AD12-C8BC-4610-BBD7-B67BE681BE42}.Release|Any CPU.Build.0 = Release|Any CPU
	EndGlobalSection
EndGlobal
